# This file is automatically @generated by Cargo.
# It is not intended for manual editing.
version = 3

[[package]]
name = "bytes"
version = "1.5.0"
source = "registry+https://github.com/rust-lang/crates.io-index"
checksum = "a2bd12c1caf447e69cd4528f47f94d203fd2582878ecb9e9465484c4148a8223"

[[package]]
name = "eh-personnality"
version = "0.1.0"
dependencies = [
 "bytes",
 "libc",
 "libc-print",
 "libc_alloc",
]

[[package]]
name = "libc"
version = "0.2.152"
source = "registry+https://github.com/rust-lang/crates.io-index"
checksum = "13e3bf6590cbc649f4d1a3eefc9d5d6eb746f5200ffb04e5e142700b8faa56e7"

[[package]]
name = "libc-print"
version = "0.1.22"
source = "registry+https://github.com/rust-lang/crates.io-index"
checksum = "c17f111e2175c779daaf5e89fe3a3b0776b0adec218bc1159c56e4d3f58032f5"
dependencies = [
 "libc",
]

[[package]]
name = "libc_alloc"
version = "1.0.6"
source = "registry+https://github.com/rust-lang/crates.io-index"
checksum = "2a835c038b748123287f9fb1743d565e7c635879997f43c345a18a026690364e"
